
Microsoft Visual Studio Solution File, Format Version 12.00
# Visual Studio 2012
Project("{2150E333-8FDC-42A3-9474-1A3956D46DE8}") = "Framework", "Framework", "{448FC263-2763-4A63-9D33-841F18FCD6E4}"
EndProject
Project("{2150E333-8FDC-42A3-9474-1A3956D46DE8}") = "core", "core", "{67658554-4904-4407-99C5-EED2F25DB2F6}"
EndProject
Project("{FAE04EC0-301F-11D3-BF4B-00C04F79EFBC}") = "OnePiece.Framework.Core", "OnePiece.Framework.Core\OnePiece.Framework.Core.csproj", "{19A37AB1-1174-47B0-AB31-B7D062052293}"
EndProject
Project("{FAE04EC0-301F-11D3-BF4B-00C04F79EFBC}") = "OnePiece.Framework.RedisMapper", "OnePiece.Framework.RedisMapper\OnePiece.Framework.RedisMapper.csproj", "{F5369FBA-01A3-4CAB-AA4C-AFD454B617A8}"
EndProject
Project("{2150E333-8FDC-42A3-9474-1A3956D46DE8}") = "db", "db", "{2A21F8CC-DEDF-4C5E-B8B6-8F5958AA7E20}"
EndProject
Project("{2150E333-8FDC-42A3-9474-1A3956D46DE8}") = "subsonic", "subsonic", "{45EB7DA0-6CBD-4E5B-B84C-D2155C9D9EE2}"
EndProject
Project("{FAE04EC0-301F-11D3-BF4B-00C04F79EFBC}") = "OnePiece.Framework.SubSonic.Extension", "OnePiece.Framework.SubSonic.Extension\OnePiece.Framework.SubSonic.Extension.csproj", "{4DFAB0CE-A34D-4BC8-98E3-4BBAD2CE48CD}"
EndProject
Project("{FAE04EC0-301F-11D3-BF4B-00C04F79EFBC}") = "OnePiece.Framework.SubSonic.Oracle.Extension", "OnePiece.Framework.SubSonic.Oracle.Extension\OnePiece.Framework.SubSonic.Oracle.Extension.csproj", "{5B3743D7-5827-4F47-BE18-B188D6AA9587}"
EndProject
Project("{FAE04EC0-301F-11D3-BF4B-00C04F79EFBC}") = "SubSonic.Core.Oracle", "SubSonic.Core.Oracle\SubSonic.Core.Oracle.csproj", "{EDECAC79-55BC-4AA9-A08B-9FE143D825D0}"
EndProject
Project("{FAE04EC0-301F-11D3-BF4B-00C04F79EFBC}") = "SubSonic.Core.Oracle.Test", "SubSonic.Core.Oracle.Test\SubSonic.Core.Oracle.Test.csproj", "{EF3403F3-0B48-4327-A708-3E0C873D02EB}"
EndProject
Project("{2150E333-8FDC-42A3-9474-1A3956D46DE8}") = "web", "web", "{3C6D26EB-C5EC-4F28-8C94-0C55A2B3FDE0}"
EndProject
Project("{FAE04EC0-301F-11D3-BF4B-00C04F79EFBC}") = "OnePiece.Framework.Web", "OnePiece.Framework.Web\OnePiece.Framework.Web.csproj", "{CA3FB40A-32D6-4AD1-9D49-1C579A61110A}"
EndProject
Project("{2150E333-8FDC-42A3-9474-1A3956D46DE8}") = ".nuget", ".nuget", "{66E67097-A1C3-4CD7-8AB9-16201F4AE55C}"
	ProjectSection(SolutionItems) = preProject
		.nuget\packages.config = .nuget\packages.config
	EndProjectSection
EndProject
Project("{2150E333-8FDC-42A3-9474-1A3956D46DE8}") = "Tests", "Tests", "{87918BAC-80BF-4F0E-A35D-8DFA82DB360D}"
EndProject
Project("{FAE04EC0-301F-11D3-BF4B-00C04F79EFBC}") = "OnePiece.Framework.Tests", "OnePiece.Framework.Tests\OnePiece.Framework.Tests.csproj", "{7F405D62-B2C4-4055-B8A4-7DF5E210C219}"
EndProject
Project("{FAE04EC0-301F-11D3-BF4B-00C04F79EFBC}") = "OnePiece.Framework.Logging", "OnePiece.Framework.Logging\OnePiece.Framework.Logging.csproj", "{D64C84EC-F840-4C59-89BE-06268453109A}"
EndProject
Project("{FAE04EC0-301F-11D3-BF4B-00C04F79EFBC}") = "OnePiece.Framework.Caching", "OnePiece.Framework.Caching\OnePiece.Framework.Caching.csproj", "{E7C5B766-3417-4FC4-9692-92D21EEE73C2}"
EndProject
Global
	GlobalSection(SolutionConfigurationPlatforms) = preSolution
		Debug|Any CPU = Debug|Any CPU
		Live|Any CPU = Live|Any CPU
		Release|Any CPU = Release|Any CPU
	EndGlobalSection
	GlobalSection(ProjectConfigurationPlatforms) = postSolution
		{19A37AB1-1174-47B0-AB31-B7D062052293}.Debug|Any CPU.ActiveCfg = Debug|Any CPU
		{19A37AB1-1174-47B0-AB31-B7D062052293}.Debug|Any CPU.Build.0 = Debug|Any CPU
		{19A37AB1-1174-47B0-AB31-B7D062052293}.Live|Any CPU.ActiveCfg = Live|Any CPU
		{19A37AB1-1174-47B0-AB31-B7D062052293}.Live|Any CPU.Build.0 = Live|Any CPU
		{19A37AB1-1174-47B0-AB31-B7D062052293}.Release|Any CPU.ActiveCfg = Release|Any CPU
		{19A37AB1-1174-47B0-AB31-B7D062052293}.Release|Any CPU.Build.0 = Release|Any CPU
		{F5369FBA-01A3-4CAB-AA4C-AFD454B617A8}.Debug|Any CPU.ActiveCfg = Debug|Any CPU
		{F5369FBA-01A3-4CAB-AA4C-AFD454B617A8}.Debug|Any CPU.Build.0 = Debug|Any CPU
		{F5369FBA-01A3-4CAB-AA4C-AFD454B617A8}.Live|Any CPU.ActiveCfg = Release|Any CPU
		{F5369FBA-01A3-4CAB-AA4C-AFD454B617A8}.Live|Any CPU.Build.0 = Release|Any CPU
		{F5369FBA-01A3-4CAB-AA4C-AFD454B617A8}.Release|Any CPU.ActiveCfg = Release|Any CPU
		{F5369FBA-01A3-4CAB-AA4C-AFD454B617A8}.Release|Any CPU.Build.0 = Release|Any CPU
		{4DFAB0CE-A34D-4BC8-98E3-4BBAD2CE48CD}.Debug|Any CPU.ActiveCfg = Debug|Any CPU
		{4DFAB0CE-A34D-4BC8-98E3-4BBAD2CE48CD}.Debug|Any CPU.Build.0 = Debug|Any CPU
		{4DFAB0CE-A34D-4BC8-98E3-4BBAD2CE48CD}.Live|Any CPU.ActiveCfg = Release|Any CPU
		{4DFAB0CE-A34D-4BC8-98E3-4BBAD2CE48CD}.Live|Any CPU.Build.0 = Release|Any CPU
		{4DFAB0CE-A34D-4BC8-98E3-4BBAD2CE48CD}.Release|Any CPU.ActiveCfg = Release|Any CPU
		{4DFAB0CE-A34D-4BC8-98E3-4BBAD2CE48CD}.Release|Any CPU.Build.0 = Release|Any CPU
		{5B3743D7-5827-4F47-BE18-B188D6AA9587}.Debug|Any CPU.ActiveCfg = Debug|Any CPU
		{5B3743D7-5827-4F47-BE18-B188D6AA9587}.Debug|Any CPU.Build.0 = Debug|Any CPU
		{5B3743D7-5827-4F47-BE18-B188D6AA9587}.Live|Any CPU.ActiveCfg = Release|Any CPU
		{5B3743D7-5827-4F47-BE18-B188D6AA9587}.Live|Any CPU.Build.0 = Release|Any CPU
		{5B3743D7-5827-4F47-BE18-B188D6AA9587}.Release|Any CPU.ActiveCfg = Release|Any CPU
		{5B3743D7-5827-4F47-BE18-B188D6AA9587}.Release|Any CPU.Build.0 = Release|Any CPU
		{EDECAC79-55BC-4AA9-A08B-9FE143D825D0}.Debug|Any CPU.ActiveCfg = Debug|Any CPU
		{EDECAC79-55BC-4AA9-A08B-9FE143D825D0}.Debug|Any CPU.Build.0 = Debug|Any CPU
		{EDECAC79-55BC-4AA9-A08B-9FE143D825D0}.Live|Any CPU.ActiveCfg = Live|Any CPU
		{EDECAC79-55BC-4AA9-A08B-9FE143D825D0}.Live|Any CPU.Build.0 = Live|Any CPU
		{EDECAC79-55BC-4AA9-A08B-9FE143D825D0}.Release|Any CPU.ActiveCfg = Release|Any CPU
		{EDECAC79-55BC-4AA9-A08B-9FE143D825D0}.Release|Any CPU.Build.0 = Release|Any CPU
		{EF3403F3-0B48-4327-A708-3E0C873D02EB}.Debug|Any CPU.ActiveCfg = Debug|Any CPU
		{EF3403F3-0B48-4327-A708-3E0C873D02EB}.Debug|Any CPU.Build.0 = Debug|Any CPU
		{EF3403F3-0B48-4327-A708-3E0C873D02EB}.Live|Any CPU.ActiveCfg = Release|Any CPU
		{EF3403F3-0B48-4327-A708-3E0C873D02EB}.Live|Any CPU.Build.0 = Release|Any CPU
		{EF3403F3-0B48-4327-A708-3E0C873D02EB}.Release|Any CPU.ActiveCfg = Release|Any CPU
		{EF3403F3-0B48-4327-A708-3E0C873D02EB}.Release|Any CPU.Build.0 = Release|Any CPU
		{CA3FB40A-32D6-4AD1-9D49-1C579A61110A}.Debug|Any CPU.ActiveCfg = Debug|Any CPU
		{CA3FB40A-32D6-4AD1-9D49-1C579A61110A}.Debug|Any CPU.Build.0 = Debug|Any CPU
		{CA3FB40A-32D6-4AD1-9D49-1C579A61110A}.Live|Any CPU.ActiveCfg = Release|Any CPU
		{CA3FB40A-32D6-4AD1-9D49-1C579A61110A}.Live|Any CPU.Build.0 = Release|Any CPU
		{CA3FB40A-32D6-4AD1-9D49-1C579A61110A}.Release|Any CPU.ActiveCfg = Release|Any CPU
		{CA3FB40A-32D6-4AD1-9D49-1C579A61110A}.Release|Any CPU.Build.0 = Release|Any CPU
		{7F405D62-B2C4-4055-B8A4-7DF5E210C219}.Debug|Any CPU.ActiveCfg = Debug|Any CPU
		{7F405D62-B2C4-4055-B8A4-7DF5E210C219}.Debug|Any CPU.Build.0 = Debug|Any CPU
		{7F405D62-B2C4-4055-B8A4-7DF5E210C219}.Live|Any CPU.ActiveCfg = Release|Any CPU
		{7F405D62-B2C4-4055-B8A4-7DF5E210C219}.Live|Any CPU.Build.0 = Release|Any CPU
		{7F405D62-B2C4-4055-B8A4-7DF5E210C219}.Release|Any CPU.ActiveCfg = Release|Any CPU
		{7F405D62-B2C4-4055-B8A4-7DF5E210C219}.Release|Any CPU.Build.0 = Release|Any CPU
		{D64C84EC-F840-4C59-89BE-06268453109A}.Debug|Any CPU.ActiveCfg = Debug|Any CPU
		{D64C84EC-F840-4C59-89BE-06268453109A}.Debug|Any CPU.Build.0 = Debug|Any CPU
		{D64C84EC-F840-4C59-89BE-06268453109A}.Live|Any CPU.ActiveCfg = Release|Any CPU
		{D64C84EC-F840-4C59-89BE-06268453109A}.Live|Any CPU.Build.0 = Release|Any CPU
		{D64C84EC-F840-4C59-89BE-06268453109A}.Release|Any CPU.ActiveCfg = Release|Any CPU
		{D64C84EC-F840-4C59-89BE-06268453109A}.Release|Any CPU.Build.0 = Release|Any CPU
		{E7C5B766-3417-4FC4-9692-92D21EEE73C2}.Debug|Any CPU.ActiveCfg = Debug|Any CPU
		{E7C5B766-3417-4FC4-9692-92D21EEE73C2}.Debug|Any CPU.Build.0 = Debug|Any CPU
		{E7C5B766-3417-4FC4-9692-92D21EEE73C2}.Live|Any CPU.ActiveCfg = Release|Any CPU
		{E7C5B766-3417-4FC4-9692-92D21EEE73C2}.Live|Any CPU.Build.0 = Release|Any CPU
		{E7C5B766-3417-4FC4-9692-92D21EEE73C2}.Release|Any CPU.ActiveCfg = Release|Any CPU
		{E7C5B766-3417-4FC4-9692-92D21EEE73C2}.Release|Any CPU.Build.0 = Release|Any CPU
	EndGlobalSection
	GlobalSection(SolutionProperties) = preSolution
		HideSolutionNode = FALSE
	EndGlobalSection
	GlobalSection(NestedProjects) = preSolution
		{67658554-4904-4407-99C5-EED2F25DB2F6} = {448FC263-2763-4A63-9D33-841F18FCD6E4}
		{2A21F8CC-DEDF-4C5E-B8B6-8F5958AA7E20} = {448FC263-2763-4A63-9D33-841F18FCD6E4}
		{3C6D26EB-C5EC-4F28-8C94-0C55A2B3FDE0} = {448FC263-2763-4A63-9D33-841F18FCD6E4}
		{19A37AB1-1174-47B0-AB31-B7D062052293} = {67658554-4904-4407-99C5-EED2F25DB2F6}
		{F5369FBA-01A3-4CAB-AA4C-AFD454B617A8} = {67658554-4904-4407-99C5-EED2F25DB2F6}
		{D64C84EC-F840-4C59-89BE-06268453109A} = {67658554-4904-4407-99C5-EED2F25DB2F6}
		{E7C5B766-3417-4FC4-9692-92D21EEE73C2} = {67658554-4904-4407-99C5-EED2F25DB2F6}
		{45EB7DA0-6CBD-4E5B-B84C-D2155C9D9EE2} = {2A21F8CC-DEDF-4C5E-B8B6-8F5958AA7E20}
		{4DFAB0CE-A34D-4BC8-98E3-4BBAD2CE48CD} = {45EB7DA0-6CBD-4E5B-B84C-D2155C9D9EE2}
		{5B3743D7-5827-4F47-BE18-B188D6AA9587} = {45EB7DA0-6CBD-4E5B-B84C-D2155C9D9EE2}
		{EDECAC79-55BC-4AA9-A08B-9FE143D825D0} = {45EB7DA0-6CBD-4E5B-B84C-D2155C9D9EE2}
		{EF3403F3-0B48-4327-A708-3E0C873D02EB} = {45EB7DA0-6CBD-4E5B-B84C-D2155C9D9EE2}
		{CA3FB40A-32D6-4AD1-9D49-1C579A61110A} = {3C6D26EB-C5EC-4F28-8C94-0C55A2B3FDE0}
		{7F405D62-B2C4-4055-B8A4-7DF5E210C219} = {87918BAC-80BF-4F0E-A35D-8DFA82DB360D}
	EndGlobalSection
EndGlobal
